
Microsoft Visual Studio Solution File, Format Version 12.00
# Visual Studio Version 16
VisualStudioVersion = 16.0.31402.337
MinimumVisualStudioVersion = 10.0.40219.1
Project("{FAE04EC0-301F-11D3-BF4B-00C04F79EFBC}") = "Selenium", "Selenium\Selenium.csproj", "{20E7832A-0217-4FB3-8430-A3C557C1FD24}"
EndProject
Global
	GlobalSection(SolutionConfigurationPlatforms) = preSolution
		Debug|Any CPU = Debug|Any CPU
		Release|Any CPU = Release|Any CPU
	EndGlobalSection
	GlobalSection(ProjectConfigurationPlatforms) = postSolution
		{20E7832A-0217-4FB3-8430-A3C557C1FD24}.Debug|Any CPU.ActiveCfg = Debug|Any CPU
		{20E7832A-0217-4FB3-8430-A3C557C1FD24}.Debug|Any CPU.Build.0 = Debug|Any CPU
		{20E7832A-0217-4FB3-8430-A3C557C1FD24}.Release|Any CPU.ActiveCfg = Release|Any CPU
		{20E7832A-0217-4FB3-8430-A3C557C1FD24}.Release|Any CPU.Build.0 = Release|Any CPU
	EndGlobalSection
	GlobalSection(SolutionProperties) = preSolution
		HideSolutionNode = FALSE
	EndGlobalSection
	GlobalSection(ExtensibilityGlobals) = postSolution
		SolutionGuid = {9997B3A0-7539-439D-BC81-82F5B7779C25}
	EndGlobalSection
EndGlobal
